
Microsoft Visual Studio Solution File, Format Version 12.00
# Visual Studio 15
Project("{FAE04EC0-301F-11D3-BF4B-00C04F79EFBC}") = "HololensPlan", "HololensPlan.csproj", "{19CBD47E-3BCC-15B7-7B59-3DF71F0C3822}"
EndProject
Project("{FAE04EC0-301F-11D3-BF4B-00C04F79EFBC}") = "HololensPlan.Editor", "HololensPlan.Editor.csproj", "{30E19896-E878-32B4-E749-0F27F2451AF4}"
EndProject
Global
	GlobalSection(SolutionConfigurationPlatforms) = preSolution
		Debug|Any CPU = Debug|Any CPU
		Release|Any CPU = Release|Any CPU
	EndGlobalSection
	GlobalSection(ProjectConfigurationPlatforms) = postSolution
		{19CBD47E-3BCC-15B7-7B59-3DF71F0C3822}.Debug|Any CPU.ActiveCfg = Debug|Any CPU
		{19CBD47E-3BCC-15B7-7B59-3DF71F0C3822}.Debug|Any CPU.Build.0 = Debug|Any CPU
		{19CBD47E-3BCC-15B7-7B59-3DF71F0C3822}.Release|Any CPU.ActiveCfg = Release|Any CPU
		{19CBD47E-3BCC-15B7-7B59-3DF71F0C3822}.Release|Any CPU.Build.0 = Release|Any CPU
		{30E19896-E878-32B4-E749-0F27F2451AF4}.Debug|Any CPU.ActiveCfg = Debug|Any CPU
		{30E19896-E878-32B4-E749-0F27F2451AF4}.Debug|Any CPU.Build.0 = Debug|Any CPU
		{30E19896-E878-32B4-E749-0F27F2451AF4}.Release|Any CPU.ActiveCfg = Release|Any CPU
		{30E19896-E878-32B4-E749-0F27F2451AF4}.Release|Any CPU.Build.0 = Release|Any CPU
	EndGlobalSection
	GlobalSection(SolutionProperties) = preSolution
		HideSolutionNode = FALSE
	EndGlobalSection
EndGlobal
