
Microsoft Visual Studio Solution File, Format Version 12.00
# Visual Studio 2017
Project("{FAE04EC0-301F-11D3-BF4B-00C04F79EFBC}") = "BE2018Plan", "BE2018Plan.csproj", "{9A5ADBF6-3C80-344E-F9B0-67094930B6D9}"
EndProject
Project("{FAE04EC0-301F-11D3-BF4B-00C04F79EFBC}") = "BE2018Plan.Editor", "BE2018Plan.Editor.csproj", "{B2667327-3FC5-6F0C-5236-F8DEC0900A4B}"
EndProject
Global
	GlobalSection(SolutionConfigurationPlatforms) = preSolution
		Debug|Any CPU = Debug|Any CPU
		Release|Any CPU = Release|Any CPU
	EndGlobalSection
	GlobalSection(ProjectConfigurationPlatforms) = postSolution
		{9A5ADBF6-3C80-344E-F9B0-67094930B6D9}.Debug|Any CPU.ActiveCfg = Debug|Any CPU
		{9A5ADBF6-3C80-344E-F9B0-67094930B6D9}.Debug|Any CPU.Build.0 = Debug|Any CPU
		{9A5ADBF6-3C80-344E-F9B0-67094930B6D9}.Release|Any CPU.ActiveCfg = Release|Any CPU
		{9A5ADBF6-3C80-344E-F9B0-67094930B6D9}.Release|Any CPU.Build.0 = Release|Any CPU
		{B2667327-3FC5-6F0C-5236-F8DEC0900A4B}.Debug|Any CPU.ActiveCfg = Debug|Any CPU
		{B2667327-3FC5-6F0C-5236-F8DEC0900A4B}.Debug|Any CPU.Build.0 = Debug|Any CPU
		{B2667327-3FC5-6F0C-5236-F8DEC0900A4B}.Release|Any CPU.ActiveCfg = Release|Any CPU
		{B2667327-3FC5-6F0C-5236-F8DEC0900A4B}.Release|Any CPU.Build.0 = Release|Any CPU
	EndGlobalSection
	GlobalSection(SolutionProperties) = preSolution
		HideSolutionNode = FALSE
	EndGlobalSection
EndGlobal
